// !$*UTF8*$!
{
	archiveVersion = 1;
	classes = {
	};
	objectVersion = 50;
	objects = {

/* Begin PBXBuildFile section */
		B41180512507DCBD00A1C9DC /* AppDelegate.swift in Sources */ = {isa = PBXBuildFile; fileRef = B41180502507DCBD00A1C9DC /* AppDelegate.swift */; };
		B41180532507DCBD00A1C9DC /* SceneDelegate.swift in Sources */ = {isa = PBXBuildFile; fileRef = B41180522507DCBD00A1C9DC /* SceneDelegate.swift */; };
		B41180582507DCBD00A1C9DC /* Main.storyboard in Resources */ = {isa = PBXBuildFile; fileRef = B41180562507DCBD00A1C9DC /* Main.storyboard */; };
		B411805A2507DCC200A1C9DC /* Assets.xcassets in Resources */ = {isa = PBXBuildFile; fileRef = B41180592507DCC200A1C9DC /* Assets.xcassets */; };
		B411805D2507DCC200A1C9DC /* LaunchScreen.storyboard in Resources */ = {isa = PBXBuildFile; fileRef = B411805B2507DCC200A1C9DC /* LaunchScreen.storyboard */; };
		B41180652507E61700A1C9DC /* Model.swift in Sources */ = {isa = PBXBuildFile; fileRef = B41180642507E61700A1C9DC /* Model.swift */; };
		B41180672507EECF00A1C9DC /* PersonsViewController.swift in Sources */ = {isa = PBXBuildFile; fileRef = B41180662507EECF00A1C9DC /* PersonsViewController.swift */; };
		B41180692508D16700A1C9DC /* DetailsViewController.swift in Sources */ = {isa = PBXBuildFile; fileRef = B41180682508D16700A1C9DC /* DetailsViewController.swift */; };
		B411806B2509350700A1C9DC /* SectionsViewController.swift in Sources */ = {isa = PBXBuildFile; fileRef = B411806A2509350700A1C9DC /* SectionsViewController.swift */; };
/* End PBXBuildFile section */

/* Begin PBXFileReference section */
		B411804D2507DCBD00A1C9DC /* ContactsApp.app */ = {isa = PBXFileReference; explicitFileType = wrapper.application; includeInIndex = 0; path = ContactsApp.app; sourceTree = BUILT_PRODUCTS_DIR; };
		B41180502507DCBD00A1C9DC /* AppDelegate.swift */ = {isa = PBXFileReference; lastKnownFileType = sourcecode.swift; path = AppDelegate.swift; sourceTree = "<group>"; };
		B41180522507DCBD00A1C9DC /* SceneDelegate.swift */ = {isa = PBXFileReference; lastKnownFileType = sourcecode.swift; path = SceneDelegate.swift; sourceTree = "<group>"; };
		B41180572507DCBD00A1C9DC /* Base */ = {isa = PBXFileReference; lastKnownFileType = file.storyboard; name = Base; path = Base.lproj/Main.storyboard; sourceTree = "<group>"; };
		B41180592507DCC200A1C9DC /* Assets.xcassets */ = {isa = PBXFileReference; lastKnownFileType = folder.assetcatalog; path = Assets.xcassets; sourceTree = "<group>"; };
		B411805C2507DCC200A1C9DC /* Base */ = {isa = PBXFileReference; lastKnownFileType = file.storyboard; name = Base; path = Base.lproj/LaunchScreen.storyboard; sourceTree = "<group>"; };
		B411805E2507DCC200A1C9DC /* Info.plist */ = {isa = PBXFileReference; lastKnownFileType = text.plist.xml; path = Info.plist; sourceTree = "<group>"; };
		B41180642507E61700A1C9DC /* Model.swift */ = {isa = PBXFileReference; lastKnownFileType = sourcecode.swift; path = Model.swift; sourceTree = "<group>"; };
		B41180662507EECF00A1C9DC /* PersonsViewController.swift */ = {isa = PBXFileReference; lastKnownFileType = sourcecode.swift; path = PersonsViewController.swift; sourceTree = "<group>"; };
		B41180682508D16700A1C9DC /* DetailsViewController.swift */ = {isa = PBXFileReference; lastKnownFileType = sourcecode.swift; path = DetailsViewController.swift; sourceTree = "<group>"; };
		B411806A2509350700A1C9DC /* SectionsViewController.swift */ = {isa = PBXFileReference; lastKnownFileType = sourcecode.swift; path = SectionsViewController.swift; sourceTree = "<group>"; };
/* End PBXFileReference section */

/* Begin PBXFrameworksBuildPhase section */
		B411804A2507DCBD00A1C9DC /* Frameworks */ = {
			isa = PBXFrameworksBuildPhase;
			buildActionMask = 2147483647;
			files = (
			);
			runOnlyForDeploymentPostprocessing = 0;
		};
/* End PBXFrameworksBuildPhase section */

/* Begin PBXGroup section */
		B41180442507DCBD00A1C9DC = {
			isa = PBXGroup;
			children = (
				B411804F2507DCBD00A1C9DC /* ContactsApp */,
				B411804E2507DCBD00A1C9DC /* Products */,
			);
			sourceTree = "<group>";
		};
		B411804E2507DCBD00A1C9DC /* Products */ = {
			isa = PBXGroup;
			children = (
				B411804D2507DCBD00A1C9DC /* ContactsApp.app */,
			);
			name = Products;
			sourceTree = "<group>";
		};
		B411804F2507DCBD00A1C9DC /* ContactsApp */ = {
			isa = PBXGroup;
			children = (
				B41180502507DCBD00A1C9DC /* AppDelegate.swift */,
				B41180522507DCBD00A1C9DC /* SceneDelegate.swift */,
				B41180642507E61700A1C9DC /* Model.swift */,
				B41180682508D16700A1C9DC /* DetailsViewController.swift */,
				B41180662507EECF00A1C9DC /* PersonsViewController.swift */,
				B411806A2509350700A1C9DC /* SectionsViewController.swift */,
				B41180562507DCBD00A1C9DC /* Main.storyboard */,
				B41180592507DCC200A1C9DC /* Assets.xcassets */,
				B411805B2507DCC200A1C9DC /* LaunchScreen.storyboard */,
				B411805E2507DCC200A1C9DC /* Info.plist */,
			);
			path = ContactsApp;
			sourceTree = "<group>";
		};
/* End PBXGroup section */

/* Begin PBXNativeTarget section */
		B411804C2507DCBD00A1C9DC /* ContactsApp */ = {
			isa = PBXNativeTarget;
			buildConfigurationList = B41180612507DCC200A1C9DC /* Build configuration list for PBXNativeTarget "ContactsApp" */;
			buildPhases = (
				B41180492507DCBD00A1C9DC /* Sources */,
				B411804A2507DCBD00A1C9DC /* Frameworks */,
				B411804B2507DCBD00A1C9DC /* Resources */,
			);
			buildRules = (
			);
			dependencies = (
			);
			name = ContactsApp;
			productName = ContactsApp;
			productReference = B411804D2507DCBD00A1C9DC /* ContactsApp.app */;
			productType = "com.apple.product-type.application";
		};
/* End PBXNativeTarget section */

/* Begin PBXProject section */
		B41180452507DCBD00A1C9DC /* Project object */ = {
			isa = PBXProject;
			attributes = {
				LastSwiftUpdateCheck = 1170;
				LastUpgradeCheck = 1170;
				ORGANIZATIONNAME = "Ivan Savkov";
				TargetAttributes = {
					B411804C2507DCBD00A1C9DC = {
						CreatedOnToolsVersion = 11.7;
					};
				};
			};
			buildConfigurationList = B41180482507DCBD00A1C9DC /* Build configuration list for PBXProject "ContactsApp" */;
			compatibilityVersion = "Xcode 9.3";
			developmentRegion = en;
			hasScannedForEncodings = 0;
			knownRegions = (
				en,
				Base,
			);
			mainGroup = B41180442507DCBD00A1C9DC;
			productRefGroup = B411804E2507DCBD00A1C9DC /* Products */;
			projectDirPath = "";
			projectRoot = "";
			targets = (
				B411804C2507DCBD00A1C9DC /* ContactsApp */,
			);
		};
/* End PBXProject section */

/* Begin PBXResourcesBuildPhase section */
		B411804B2507DCBD00A1C9DC /* Resources */ = {
			isa = PBXResourcesBuildPhase;
			buildActionMask = 2147483647;
			files = (
				B411805D2507DCC200A1C9DC /* LaunchScreen.storyboard in Resources */,
				B411805A2507DCC200A1C9DC /* Assets.xcassets in Resources */,
				B41180582507DCBD00A1C9DC /* Main.storyboard in Resources */,
			);
			runOnlyForDeploymentPostprocessing = 0;
		};
/* End PBXResourcesBuildPhase section */

/* Begin PBXSourcesBuildPhase section */
		B41180492507DCBD00A1C9DC /* Sources */ = {
			isa = PBXSourcesBuildPhase;
			buildActionMask = 2147483647;
			files = (
				B41180512507DCBD00A1C9DC /* AppDelegate.swift in Sources */,
				B41180532507DCBD00A1C9DC /* SceneDelegate.swift in Sources */,
				B41180652507E61700A1C9DC /* Model.swift in Sources */,
				B41180672507EECF00A1C9DC /* PersonsViewController.swift in Sources */,
				B411806B2509350700A1C9DC /* SectionsViewController.swift in Sources */,
				B41180692508D16700A1C9DC /* DetailsViewController.swift in Sources */,
			);
			runOnlyForDeploymentPostprocessing = 0;
		};
/* End PBXSourcesBuildPhase section */

/* Begin PBXVariantGroup section */
		B41180562507DCBD00A1C9DC /* Main.storyboard */ = {
			isa = PBXVariantGroup;
			children = (
				B41180572507DCBD00A1C9DC /* Base */,
			);
			name = Main.storyboard;
			sourceTree = "<group>";
		};
		B411805B2507DCC200A1C9DC /* LaunchScreen.storyboard */ = {
			isa = PBXVariantGroup;
			children = (
				B411805C2507DCC200A1C9DC /* Base */,
			);
			name = LaunchScreen.storyboard;
			sourceTree = "<group>";
		};
/* End PBXVariantGroup section */

/* Begin XCBuildConfiguration section */
		B411805F2507DCC200A1C9DC /* Debug */ = {
			isa = XCBuildConfiguration;
			buildSettings = {
				ALWAYS_SEARCH_USER_PATHS = NO;
				CLANG_ANALYZER_NONNULL = YES;
				CLANG_ANALYZER_NUMBER_OBJECT_CONVERSION = YES_AGGRESSIVE;
				CLANG_CXX_LANGUAGE_STANDARD = "gnu++14";
				CLANG_CXX_LIBRARY = "libc++";
				CLANG_ENABLE_MODULES = YES;
				CLANG_ENABLE_OBJC_ARC = YES;
				CLANG_ENABLE_OBJC_WEAK = YES;
				CLANG_WARN_BLOCK_CAPTURE_AUTORELEASING = YES;
				CLANG_WARN_BOOL_CONVERSION = YES;
				CLANG_WARN_COMMA = YES;
				CLANG_WARN_CONSTANT_CONVERSION = YES;
				CLANG_WARN_DEPRECATED_OBJC_IMPLEMENTATIONS = YES;
				CLANG_WARN_DIRECT_OBJC_ISA_USAGE = YES_ERROR;
				CLANG_WARN_DOCUMENTATION_COMMENTS = YES;
				CLANG_WARN_EMPTY_BODY = YES;
				CLANG_WARN_ENUM_CONVERSION = YES;
				CLANG_WARN_INFINITE_RECURSION = YES;
				CLANG_WARN_INT_CONVERSION = YES;
				CLANG_WARN_NON_LITERAL_NULL_CONVERSION = YES;
				CLANG_WARN_OBJC_IMPLICIT_RETAIN_SELF = YES;
				CLANG_WARN_OBJC_LITERAL_CONVERSION = YES;
				CLANG_WARN_OBJC_ROOT_CLASS = YES_ERROR;
				CLANG_WARN_RANGE_LOOP_ANALYSIS = YES;
				CLANG_WARN_STRICT_PROTOTYPES = YES;
				CLANG_WARN_SUSPICIOUS_MOVE = YES;
				CLANG_WARN_UNGUARDED_AVAILABILITY = YES_AGGRESSIVE;
				CLANG_WARN_UNREACHABLE_CODE = YES;
				CLANG_WARN__DUPLICATE_METHOD_MATCH = YES;
				COPY_PHASE_STRIP = NO;
				DEBUG_INFORMATION_FORMAT = dwarf;
				ENABLE_STRICT_OBJC_MSGSEND = YES;
				ENABLE_TESTABILITY = YES;
				GCC_C_LANGUAGE_STANDARD = gnu11;
				GCC_DYNAMIC_NO_PIC = NO;
				GCC_NO_COMMON_BLOCKS = YES;
				GCC_OPTIMIZATION_LEVEL = 0;
				GCC_PREPROCESSOR_DEFINITIONS = (
					"DEBUG=1",
					"$(inherited)",
				);
				GCC_WARN_64_TO_32_BIT_CONVERSION = YES;
				GCC_WARN_ABOUT_RETURN_TYPE = YES_ERROR;
				GCC_WARN_UNDECLARED_SELECTOR = YES;
				GCC_WARN_UNINITIALIZED_AUTOS = YES_AGGRESSIVE;
				GCC_WARN_UNUSED_FUNCTION = YES;
				GCC_WARN_UNUSED_VARIABLE = YES;
				IPHONEOS_DEPLOYMENT_TARGET = 13.7;
				MTL_ENABLE_DEBUG_INFO = INCLUDE_SOURCE;
				MTL_FAST_MATH = YES;
				ONLY_ACTIVE_ARCH = YES;
				SDKROOT = iphoneos;
				SWIFT_ACTIVE_COMPILATION_CONDITIONS = DEBUG;
				SWIFT_OPTIMIZATION_LEVEL = "-Onone";
			};
			name = Debug;
		};
		B41180602507DCC200A1C9DC /* Release */ = {
			isa = XCBuildConfiguration;
			buildSettings = {
				ALWAYS_SEARCH_USER_PATHS = NO;
				CLANG_ANALYZER_NONNULL = YES;
				CLANG_ANALYZER_NUMBER_OBJECT_CONVERSION = YES_AGGRESSIVE;
				CLANG_CXX_LANGUAGE_STANDARD = "gnu++14";
				CLANG_CXX_LIBRARY = "libc++";
				CLANG_ENABLE_MODULES = YES;
				CLANG_ENABLE_OBJC_ARC = YES;
				CLANG_ENABLE_OBJC_WEAK = YES;
				CLANG_WARN_BLOCK_CAPTURE_AUTORELEASING = YES;
				CLANG_WARN_BOOL_CONVERSION = YES;
				CLANG_WARN_COMMA = YES;
				CLANG_WARN_CONSTANT_CONVERSION = YES;
				CLANG_WARN_DEPRECATED_OBJC_IMPLEMENTATIONS = YES;
				CLANG_WARN_DIRECT_OBJC_ISA_USAGE = YES_ERROR;
				CLANG_WARN_DOCUMENTATION_COMMENTS = YES;
				CLANG_WARN_EMPTY_BODY = YES;
				CLANG_WARN_ENUM_CONVERSION = YES;
				CLANG_WARN_INFINITE_RECURSION = YES;
				CLANG_WARN_INT_CONVERSION = YES;
				CLANG_WARN_NON_LITERAL_NULL_CONVERSION = YES;
				CLANG_WARN_OBJC_IMPLICIT_RETAIN_SELF = YES;
				CLANG_WARN_OBJC_LITERAL_CONVERSION = YES;
				CLANG_WARN_OBJC_ROOT_CLASS = YES_ERROR;
				CLANG_WARN_RANGE_LOOP_ANALYSIS = YES;
				CLANG_WARN_STRICT_PROTOTYPES = YES;
				CLANG_WARN_SUSPICIOUS_MOVE = YES;
				CLANG_WARN_UNGUARDED_AVAILABILITY = YES_AGGRESSIVE;
				CLANG_WARN_UNREACHABLE_CODE = YES;
				CLANG_WARN__DUPLICATE_METHOD_MATCH = YES;
				COPY_PHASE_STRIP = NO;
				DEBUG_INFORMATION_FORMAT = "dwarf-with-dsym";
				ENABLE_NS_ASSERTIONS = NO;
				ENABLE_STRICT_OBJC_MSGSEND = YES;
				GCC_C_LANGUAGE_STANDARD = gnu11;
				GCC_NO_COMMON_BLOCKS = YES;
				GCC_WARN_64_TO_32_BIT_CONVERSION = YES;
				GCC_WARN_ABOUT_RETURN_TYPE = YES_ERROR;
				GCC_WARN_UNDECLARED_SELECTOR = YES;
				GCC_WARN_UNINITIALIZED_AUTOS = YES_AGGRESSIVE;
				GCC_WARN_UNUSED_FUNCTION = YES;
				GCC_WARN_UNUSED_VARIABLE = YES;
				IPHONEOS_DEPLOYMENT_TARGET = 13.7;
				MTL_ENABLE_DEBUG_INFO = NO;
				MTL_FAST_MATH = YES;
				SDKROOT = iphoneos;
				SWIFT_COMPILATION_MODE = wholemodule;
				SWIFT_OPTIMIZATION_LEVEL = "-O";
				VALIDATE_PRODUCT = YES;
			};
			name = Release;
		};
		B41180622507DCC200A1C9DC /* Debug */ = {
			isa = XCBuildConfiguration;
			buildSettings = {
				ASSETCATALOG_COMPILER_APPICON_NAME = AppIcon;
				CODE_SIGN_STYLE = Automatic;
				DEVELOPMENT_TEAM = 3L8P7DYJ4H;
				INFOPLIST_FILE = ContactsApp/Info.plist;
				LD_RUNPATH_SEARCH_PATHS = (
					"$(inherited)",
					"@executable_path/Frameworks",
				);
				PRODUCT_BUNDLE_IDENTIFIER = "Ivan-Savkov.ContactsApp";
				PRODUCT_NAME = "$(TARGET_NAME)";
				SWIFT_VERSION = 5.0;
				TARGETED_DEVICE_FAMILY = "1,2";
			};
			name = Debug;
		};
		B41180632507DCC200A1C9DC /* Release */ = {
			isa = XCBuildConfiguration;
			buildSettings = {
				ASSETCATALOG_COMPILER_APPICON_NAME = AppIcon;
				CODE_SIGN_STYLE = Automatic;
				DEVELOPMENT_TEAM = 3L8P7DYJ4H;
				INFOPLIST_FILE = ContactsApp/Info.plist;
				LD_RUNPATH_SEARCH_PATHS = (
					"$(inherited)",
					"@executable_path/Frameworks",
				);
				PRODUCT_BUNDLE_IDENTIFIER = "Ivan-Savkov.ContactsApp";
				PRODUCT_NAME = "$(TARGET_NAME)";
				SWIFT_VERSION = 5.0;
				TARGETED_DEVICE_FAMILY = "1,2";
			};
			name = Release;
		};
/* End XCBuildConfiguration section */

/* Begin XCConfigurationList section */
		B41180482507DCBD00A1C9DC /* Build configuration list for PBXProject "ContactsApp" */ = {
			isa = XCConfigurationList;
			buildConfigurations = (
				B411805F2507DCC200A1C9DC /* Debug */,
				B41180602507DCC200A1C9DC /* Release */,
			);
			defaultConfigurationIsVisible = 0;
			defaultConfigurationName = Release;
		};
		B41180612507DCC200A1C9DC /* Build configuration list for PBXNativeTarget "ContactsApp" */ = {
			isa = XCConfigurationList;
			buildConfigurations = (
				B41180622507DCC200A1C9DC /* Debug */,
				B41180632507DCC200A1C9DC /* Release */,
			);
			defaultConfigurationIsVisible = 0;
			defaultConfigurationName = Release;
		};
/* End XCConfigurationList section */
	};
	rootObject = B41180452507DCBD00A1C9DC /* Project object */;
}
